{
  "name": "ConcesionariaFR",
  "lockfileVersion": 3,
  "requires": true,
  "packages": {
    "": {
      "dependencies": {
        "amortization-system": "^1.0.3"
      }
    },
    "node_modules/amortization-system": {
      "version": "1.0.3",
      "resolved": "https://registry.npmjs.org/amortization-system/-/amortization-system-1.0.3.tgz",
      "integrity": "sha512-pWywNOvVIraanPD4wNorwAaJ53DGJJe4gSf2K5ul8Mulhb0ddEvVPqN7vgIkiUmrFyvI7x0FgJPtv5PSFGV4dw==",
      "dependencies": {
        "moment": "^2.29.1"
      }
    },
    "node_modules/moment": {
      "version": "2.30.1",
      "resolved": "https://registry.npmjs.org/moment/-/moment-2.30.1.tgz",
      "integrity": "sha512-uEmtNhbDOrWPFS+hdjFCBfy9f2YoyzRpwcl+DqpC6taX21FzsTLQVbMV/W7PzNSX6x/bhC1zA3c2UQ5NzH6how==",
      "engines": {
        "node": "*"
      }
    }
  }
}
